
Microsoft Visual Studio Solution File, Format Version 12.00
# Visual Studio Version 17
VisualStudioVersion = 17.8.34330.188
MinimumVisualStudioVersion = 10.0.40219.1
Project("{FAE04EC0-301F-11D3-BF4B-00C04F79EFBC}") = "Data_Security", "Data_Security\Data_Security.csproj", "{FCE50800-C96E-466E-8FA9-7F99D18E031B}"
EndProject
Global
	GlobalSection(SolutionConfigurationPlatforms) = preSolution
		Debug|Any CPU = Debug|Any CPU
		Release|Any CPU = Release|Any CPU
	EndGlobalSection
	GlobalSection(ProjectConfigurationPlatforms) = postSolution
		{FCE50800-C96E-466E-8FA9-7F99D18E031B}.Debug|Any CPU.ActiveCfg = Debug|Any CPU
		{FCE50800-C96E-466E-8FA9-7F99D18E031B}.Debug|Any CPU.Build.0 = Debug|Any CPU
		{FCE50800-C96E-466E-8FA9-7F99D18E031B}.Release|Any CPU.ActiveCfg = Release|Any CPU
		{FCE50800-C96E-466E-8FA9-7F99D18E031B}.Release|Any CPU.Build.0 = Release|Any CPU
	EndGlobalSection
	GlobalSection(SolutionProperties) = preSolution
		HideSolutionNode = FALSE
	EndGlobalSection
	GlobalSection(ExtensibilityGlobals) = postSolution
		SolutionGuid = {D705D19F-4E3B-45C7-A012-39C9849A1339}
	EndGlobalSection
EndGlobal
